
Microsoft Visual Studio Solution File, Format Version 12.00
# Visual Studio Version 16
VisualStudioVersion = 16.0.29418.71
MinimumVisualStudioVersion = 10.0.40219.1
Project("{6EC3EE1D-3C4E-46DD-8F32-0CC8E7565705}") = "Konsens.Web", "src\Konsens.Web\Konsens.Web.fsproj", "{9E334A1F-4A51-4AA4-B6A0-1C55973973EB}"
EndProject
Project("{6EC3EE1D-3C4E-46DD-8F32-0CC8E7565705}") = "WebSharper.Techno", "src\WebSharper.Techno\WebSharper.Techno.fsproj", "{BD6B1166-2A56-41DD-9AB7-5410053D9886}"
EndProject
Project("{F2A71F9B-5D33-465A-A702-920D77279786}") = "Konsens.Library", "src\Konsens.Library\Konsens.Library.fsproj", "{EB4DF873-F844-427F-BDAE-DF6B1C9CE9B9}"
EndProject
Project("{F2A71F9B-5D33-465A-A702-920D77279786}") = "Konsens.Tests", "src\Konsens.Tests\Konsens.Tests.fsproj", "{CD906D85-E873-4C2E-B99A-3A6792CA3BED}"
EndProject
Global
	GlobalSection(SolutionConfigurationPlatforms) = preSolution
		Debug|Any CPU = Debug|Any CPU
		Release|Any CPU = Release|Any CPU
	EndGlobalSection
	GlobalSection(ProjectConfigurationPlatforms) = postSolution
		{9E334A1F-4A51-4AA4-B6A0-1C55973973EB}.Debug|Any CPU.ActiveCfg = Debug|Any CPU
		{9E334A1F-4A51-4AA4-B6A0-1C55973973EB}.Debug|Any CPU.Build.0 = Debug|Any CPU
		{9E334A1F-4A51-4AA4-B6A0-1C55973973EB}.Release|Any CPU.ActiveCfg = Release|Any CPU
		{9E334A1F-4A51-4AA4-B6A0-1C55973973EB}.Release|Any CPU.Build.0 = Release|Any CPU
		{BD6B1166-2A56-41DD-9AB7-5410053D9886}.Debug|Any CPU.ActiveCfg = Debug|Any CPU
		{BD6B1166-2A56-41DD-9AB7-5410053D9886}.Debug|Any CPU.Build.0 = Debug|Any CPU
		{BD6B1166-2A56-41DD-9AB7-5410053D9886}.Release|Any CPU.ActiveCfg = Release|Any CPU
		{BD6B1166-2A56-41DD-9AB7-5410053D9886}.Release|Any CPU.Build.0 = Release|Any CPU
		{EB4DF873-F844-427F-BDAE-DF6B1C9CE9B9}.Debug|Any CPU.ActiveCfg = Debug|Any CPU
		{EB4DF873-F844-427F-BDAE-DF6B1C9CE9B9}.Debug|Any CPU.Build.0 = Debug|Any CPU
		{EB4DF873-F844-427F-BDAE-DF6B1C9CE9B9}.Release|Any CPU.ActiveCfg = Release|Any CPU
		{EB4DF873-F844-427F-BDAE-DF6B1C9CE9B9}.Release|Any CPU.Build.0 = Release|Any CPU
		{CD906D85-E873-4C2E-B99A-3A6792CA3BED}.Debug|Any CPU.ActiveCfg = Debug|Any CPU
		{CD906D85-E873-4C2E-B99A-3A6792CA3BED}.Debug|Any CPU.Build.0 = Debug|Any CPU
		{CD906D85-E873-4C2E-B99A-3A6792CA3BED}.Release|Any CPU.ActiveCfg = Release|Any CPU
		{CD906D85-E873-4C2E-B99A-3A6792CA3BED}.Release|Any CPU.Build.0 = Release|Any CPU
	EndGlobalSection
	GlobalSection(SolutionProperties) = preSolution
		HideSolutionNode = FALSE
	EndGlobalSection
	GlobalSection(ExtensibilityGlobals) = postSolution
		SolutionGuid = {CDA1E3F7-A945-480F-80A7-428A4F664A93}
	EndGlobalSection
EndGlobal
